
Microsoft Visual Studio Solution File, Format Version 12.00
# Visual Studio 2012
Project("{FAE04EC0-301F-11D3-BF4B-00C04F79EFBC}") = "ServerBingo", "ServerBingo\ServerBingo.csproj", "{0B62BA3F-65CF-4CDB-8C28-21F36FB7A319}"
	ProjectSection(ProjectDependencies) = postProject
		{07537A1E-74CC-446D-8015-484390B85881} = {07537A1E-74CC-446D-8015-484390B85881}
		{91A5652A-4274-43E1-A8E6-448830019561} = {91A5652A-4274-43E1-A8E6-448830019561}
	EndProjectSection
EndProject
Project("{FAE04EC0-301F-11D3-BF4B-00C04F79EFBC}") = "ServerBingoLibrary", "ServerBingoLibrary\ServerBingoLibrary.csproj", "{07537A1E-74CC-446D-8015-484390B85881}"
EndProject
Project("{FAE04EC0-301F-11D3-BF4B-00C04F79EFBC}") = "ServerBingoModel", "ServerBingoModel\ServerBingoModel.csproj", "{91A5652A-4274-43E1-A8E6-448830019561}"
EndProject
Project("{FAE04EC0-301F-11D3-BF4B-00C04F79EFBC}") = "ClienteFoxDLL", "ClienteFoxDLL\ClienteFoxDLL.csproj", "{9AE02C29-B770-4B7D-B0C5-D63FD9B56097}"
EndProject
Project("{FAE04EC0-301F-11D3-BF4B-00C04F79EFBC}") = "UnitTestServerBingo", "UnitTestServerBingo\UnitTestServerBingo.csproj", "{D3EE98B1-B9EF-470C-B211-DE448CCDF455}"
EndProject
Global
	GlobalSection(SolutionConfigurationPlatforms) = preSolution
		CD_ROM|Any CPU = CD_ROM|Any CPU
		CD_ROM|x86 = CD_ROM|x86
		Debug|Any CPU = Debug|Any CPU
		Debug|x86 = Debug|x86
		DVD-5|Any CPU = DVD-5|Any CPU
		DVD-5|x86 = DVD-5|x86
		Ienovo|Any CPU = Ienovo|Any CPU
		Ienovo|x86 = Ienovo|x86
		Release|Any CPU = Release|Any CPU
		Release|x86 = Release|x86
		SingleImage|Any CPU = SingleImage|Any CPU
		SingleImage|x86 = SingleImage|x86
	EndGlobalSection
	GlobalSection(ProjectConfigurationPlatforms) = postSolution
		{0B62BA3F-65CF-4CDB-8C28-21F36FB7A319}.CD_ROM|Any CPU.ActiveCfg = Release|Any CPU
		{0B62BA3F-65CF-4CDB-8C28-21F36FB7A319}.CD_ROM|Any CPU.Build.0 = Release|Any CPU
		{0B62BA3F-65CF-4CDB-8C28-21F36FB7A319}.CD_ROM|x86.ActiveCfg = Ienovo|x86
		{0B62BA3F-65CF-4CDB-8C28-21F36FB7A319}.CD_ROM|x86.Build.0 = Ienovo|x86
		{0B62BA3F-65CF-4CDB-8C28-21F36FB7A319}.Debug|Any CPU.ActiveCfg = Debug|x86
		{0B62BA3F-65CF-4CDB-8C28-21F36FB7A319}.Debug|Any CPU.Build.0 = Debug|x86
		{0B62BA3F-65CF-4CDB-8C28-21F36FB7A319}.Debug|x86.ActiveCfg = Debug|x86
		{0B62BA3F-65CF-4CDB-8C28-21F36FB7A319}.Debug|x86.Build.0 = Debug|x86
		{0B62BA3F-65CF-4CDB-8C28-21F36FB7A319}.DVD-5|Any CPU.ActiveCfg = Debug|Any CPU
		{0B62BA3F-65CF-4CDB-8C28-21F36FB7A319}.DVD-5|Any CPU.Build.0 = Debug|Any CPU
		{0B62BA3F-65CF-4CDB-8C28-21F36FB7A319}.DVD-5|x86.ActiveCfg = Debug|x86
		{0B62BA3F-65CF-4CDB-8C28-21F36FB7A319}.DVD-5|x86.Build.0 = Debug|x86
		{0B62BA3F-65CF-4CDB-8C28-21F36FB7A319}.Ienovo|Any CPU.ActiveCfg = Ienovo|Any CPU
		{0B62BA3F-65CF-4CDB-8C28-21F36FB7A319}.Ienovo|Any CPU.Build.0 = Ienovo|Any CPU
		{0B62BA3F-65CF-4CDB-8C28-21F36FB7A319}.Ienovo|x86.ActiveCfg = Ienovo|x86
		{0B62BA3F-65CF-4CDB-8C28-21F36FB7A319}.Ienovo|x86.Build.0 = Ienovo|x86
		{0B62BA3F-65CF-4CDB-8C28-21F36FB7A319}.Release|Any CPU.ActiveCfg = Release|Any CPU
		{0B62BA3F-65CF-4CDB-8C28-21F36FB7A319}.Release|Any CPU.Build.0 = Release|Any CPU
		{0B62BA3F-65CF-4CDB-8C28-21F36FB7A319}.Release|x86.ActiveCfg = Release|x86
		{0B62BA3F-65CF-4CDB-8C28-21F36FB7A319}.Release|x86.Build.0 = Release|x86
		{0B62BA3F-65CF-4CDB-8C28-21F36FB7A319}.SingleImage|Any CPU.ActiveCfg = Release|Any CPU
		{0B62BA3F-65CF-4CDB-8C28-21F36FB7A319}.SingleImage|Any CPU.Build.0 = Release|Any CPU
		{0B62BA3F-65CF-4CDB-8C28-21F36FB7A319}.SingleImage|x86.ActiveCfg = Ienovo|x86
		{0B62BA3F-65CF-4CDB-8C28-21F36FB7A319}.SingleImage|x86.Build.0 = Ienovo|x86
		{07537A1E-74CC-446D-8015-484390B85881}.CD_ROM|Any CPU.ActiveCfg = Release|Any CPU
		{07537A1E-74CC-446D-8015-484390B85881}.CD_ROM|Any CPU.Build.0 = Release|Any CPU
		{07537A1E-74CC-446D-8015-484390B85881}.CD_ROM|x86.ActiveCfg = Debug|Any CPU
		{07537A1E-74CC-446D-8015-484390B85881}.Debug|Any CPU.ActiveCfg = Debug|x86
		{07537A1E-74CC-446D-8015-484390B85881}.Debug|Any CPU.Build.0 = Debug|x86
		{07537A1E-74CC-446D-8015-484390B85881}.Debug|x86.ActiveCfg = Debug|x86
		{07537A1E-74CC-446D-8015-484390B85881}.Debug|x86.Build.0 = Debug|x86
		{07537A1E-74CC-446D-8015-484390B85881}.DVD-5|Any CPU.ActiveCfg = Debug|Any CPU
		{07537A1E-74CC-446D-8015-484390B85881}.DVD-5|Any CPU.Build.0 = Debug|Any CPU
		{07537A1E-74CC-446D-8015-484390B85881}.DVD-5|x86.ActiveCfg = Debug|Any CPU
		{07537A1E-74CC-446D-8015-484390B85881}.Ienovo|Any CPU.ActiveCfg = Debug|Any CPU
		{07537A1E-74CC-446D-8015-484390B85881}.Ienovo|Any CPU.Build.0 = Debug|Any CPU
		{07537A1E-74CC-446D-8015-484390B85881}.Ienovo|x86.ActiveCfg = Debug|Any CPU
		{07537A1E-74CC-446D-8015-484390B85881}.Release|Any CPU.ActiveCfg = Release|Any CPU
		{07537A1E-74CC-446D-8015-484390B85881}.Release|Any CPU.Build.0 = Release|Any CPU
		{07537A1E-74CC-446D-8015-484390B85881}.Release|x86.ActiveCfg = Release|Any CPU
		{07537A1E-74CC-446D-8015-484390B85881}.SingleImage|Any CPU.ActiveCfg = Release|Any CPU
		{07537A1E-74CC-446D-8015-484390B85881}.SingleImage|Any CPU.Build.0 = Release|Any CPU
		{07537A1E-74CC-446D-8015-484390B85881}.SingleImage|x86.ActiveCfg = Debug|Any CPU
		{91A5652A-4274-43E1-A8E6-448830019561}.CD_ROM|Any CPU.ActiveCfg = Release|Any CPU
		{91A5652A-4274-43E1-A8E6-448830019561}.CD_ROM|Any CPU.Build.0 = Release|Any CPU
		{91A5652A-4274-43E1-A8E6-448830019561}.CD_ROM|x86.ActiveCfg = Debug|Any CPU
		{91A5652A-4274-43E1-A8E6-448830019561}.Debug|Any CPU.ActiveCfg = Debug|x86
		{91A5652A-4274-43E1-A8E6-448830019561}.Debug|Any CPU.Build.0 = Debug|x86
		{91A5652A-4274-43E1-A8E6-448830019561}.Debug|x86.ActiveCfg = Debug|x86
		{91A5652A-4274-43E1-A8E6-448830019561}.Debug|x86.Build.0 = Debug|x86
		{91A5652A-4274-43E1-A8E6-448830019561}.DVD-5|Any CPU.ActiveCfg = Debug|Any CPU
		{91A5652A-4274-43E1-A8E6-448830019561}.DVD-5|Any CPU.Build.0 = Debug|Any CPU
		{91A5652A-4274-43E1-A8E6-448830019561}.DVD-5|x86.ActiveCfg = Debug|Any CPU
		{91A5652A-4274-43E1-A8E6-448830019561}.Ienovo|Any CPU.ActiveCfg = Debug|Any CPU
		{91A5652A-4274-43E1-A8E6-448830019561}.Ienovo|Any CPU.Build.0 = Debug|Any CPU
		{91A5652A-4274-43E1-A8E6-448830019561}.Ienovo|x86.ActiveCfg = Debug|Any CPU
		{91A5652A-4274-43E1-A8E6-448830019561}.Release|Any CPU.ActiveCfg = Release|Any CPU
		{91A5652A-4274-43E1-A8E6-448830019561}.Release|Any CPU.Build.0 = Release|Any CPU
		{91A5652A-4274-43E1-A8E6-448830019561}.Release|x86.ActiveCfg = Release|Any CPU
		{91A5652A-4274-43E1-A8E6-448830019561}.SingleImage|Any CPU.ActiveCfg = Release|Any CPU
		{91A5652A-4274-43E1-A8E6-448830019561}.SingleImage|Any CPU.Build.0 = Release|Any CPU
		{91A5652A-4274-43E1-A8E6-448830019561}.SingleImage|x86.ActiveCfg = Debug|Any CPU
		{9AE02C29-B770-4B7D-B0C5-D63FD9B56097}.CD_ROM|Any CPU.ActiveCfg = Release|Any CPU
		{9AE02C29-B770-4B7D-B0C5-D63FD9B56097}.CD_ROM|Any CPU.Build.0 = Release|Any CPU
		{9AE02C29-B770-4B7D-B0C5-D63FD9B56097}.CD_ROM|x86.ActiveCfg = Debug|Any CPU
		{9AE02C29-B770-4B7D-B0C5-D63FD9B56097}.Debug|Any CPU.ActiveCfg = Debug|Any CPU
		{9AE02C29-B770-4B7D-B0C5-D63FD9B56097}.Debug|Any CPU.Build.0 = Debug|Any CPU
		{9AE02C29-B770-4B7D-B0C5-D63FD9B56097}.Debug|x86.ActiveCfg = Debug|Any CPU
		{9AE02C29-B770-4B7D-B0C5-D63FD9B56097}.DVD-5|Any CPU.ActiveCfg = Debug|Any CPU
		{9AE02C29-B770-4B7D-B0C5-D63FD9B56097}.DVD-5|Any CPU.Build.0 = Debug|Any CPU
		{9AE02C29-B770-4B7D-B0C5-D63FD9B56097}.DVD-5|x86.ActiveCfg = Debug|Any CPU
		{9AE02C29-B770-4B7D-B0C5-D63FD9B56097}.Ienovo|Any CPU.ActiveCfg = Release|Any CPU
		{9AE02C29-B770-4B7D-B0C5-D63FD9B56097}.Ienovo|Any CPU.Build.0 = Release|Any CPU
		{9AE02C29-B770-4B7D-B0C5-D63FD9B56097}.Ienovo|x86.ActiveCfg = Debug|Any CPU
		{9AE02C29-B770-4B7D-B0C5-D63FD9B56097}.Release|Any CPU.ActiveCfg = Release|Any CPU
		{9AE02C29-B770-4B7D-B0C5-D63FD9B56097}.Release|Any CPU.Build.0 = Release|Any CPU
		{9AE02C29-B770-4B7D-B0C5-D63FD9B56097}.Release|x86.ActiveCfg = Release|Any CPU
		{9AE02C29-B770-4B7D-B0C5-D63FD9B56097}.SingleImage|Any CPU.ActiveCfg = Release|Any CPU
		{9AE02C29-B770-4B7D-B0C5-D63FD9B56097}.SingleImage|Any CPU.Build.0 = Release|Any CPU
		{9AE02C29-B770-4B7D-B0C5-D63FD9B56097}.SingleImage|x86.ActiveCfg = Debug|Any CPU
		{D3EE98B1-B9EF-470C-B211-DE448CCDF455}.CD_ROM|Any CPU.ActiveCfg = Release|Any CPU
		{D3EE98B1-B9EF-470C-B211-DE448CCDF455}.CD_ROM|Any CPU.Build.0 = Release|Any CPU
		{D3EE98B1-B9EF-470C-B211-DE448CCDF455}.CD_ROM|x86.ActiveCfg = Release|Any CPU
		{D3EE98B1-B9EF-470C-B211-DE448CCDF455}.Debug|Any CPU.ActiveCfg = Debug|Any CPU
		{D3EE98B1-B9EF-470C-B211-DE448CCDF455}.Debug|Any CPU.Build.0 = Debug|Any CPU
		{D3EE98B1-B9EF-470C-B211-DE448CCDF455}.Debug|x86.ActiveCfg = Debug|Any CPU
		{D3EE98B1-B9EF-470C-B211-DE448CCDF455}.DVD-5|Any CPU.ActiveCfg = Debug|Any CPU
		{D3EE98B1-B9EF-470C-B211-DE448CCDF455}.DVD-5|Any CPU.Build.0 = Debug|Any CPU
		{D3EE98B1-B9EF-470C-B211-DE448CCDF455}.DVD-5|x86.ActiveCfg = Debug|Any CPU
		{D3EE98B1-B9EF-470C-B211-DE448CCDF455}.Ienovo|Any CPU.ActiveCfg = Release|Any CPU
		{D3EE98B1-B9EF-470C-B211-DE448CCDF455}.Ienovo|Any CPU.Build.0 = Release|Any CPU
		{D3EE98B1-B9EF-470C-B211-DE448CCDF455}.Ienovo|x86.ActiveCfg = Release|Any CPU
		{D3EE98B1-B9EF-470C-B211-DE448CCDF455}.Release|Any CPU.ActiveCfg = Release|Any CPU
		{D3EE98B1-B9EF-470C-B211-DE448CCDF455}.Release|Any CPU.Build.0 = Release|Any CPU
		{D3EE98B1-B9EF-470C-B211-DE448CCDF455}.Release|x86.ActiveCfg = Release|Any CPU
		{D3EE98B1-B9EF-470C-B211-DE448CCDF455}.SingleImage|Any CPU.ActiveCfg = Release|Any CPU
		{D3EE98B1-B9EF-470C-B211-DE448CCDF455}.SingleImage|Any CPU.Build.0 = Release|Any CPU
		{D3EE98B1-B9EF-470C-B211-DE448CCDF455}.SingleImage|x86.ActiveCfg = Release|Any CPU
	EndGlobalSection
	GlobalSection(SolutionProperties) = preSolution
		HideSolutionNode = FALSE
	EndGlobalSection
EndGlobal
